
Microsoft Visual Studio Solution File, Format Version 12.00
# Visual Studio Version 17
VisualStudioVersion = 17.12.35527.113
MinimumVisualStudioVersion = 10.0.40219.1
Project("{FAE04EC0-301F-11D3-BF4B-00C04F79EFBC}") = "PRN232_Assignment.AppointmentService.Api", "appointmentservice\PRN232_Assignment.AppointmentService.Api.csproj", "{559B7E48-0282-4987-A58E-EF4FC44EA5B7}"
EndProject
Project("{FAE04EC0-301F-11D3-BF4B-00C04F79EFBC}") = "NotificationService", "notificationService\NotificationService.csproj", "{4960C30C-AB55-4D81-AB91-8ED047AFB7A7}"
EndProject
Project("{FAE04EC0-301F-11D3-BF4B-00C04F79EFBC}") = "BackgroundWorker", "backgroundWorker\BackgroundWorker.csproj", "{5E932CDA-5296-43A7-B843-AD4B6DD8B5A0}"
EndProject
Project("{2150E333-8FDC-42A3-9474-1A3956D46DE8}") = "ApiGateway", "ApiGateway", "{02EA681E-C7D8-13C7-8484-4AC65E1B71E8}"
EndProject
Project("{FAE04EC0-301F-11D3-BF4B-00C04F79EFBC}") = "PRN232_Assignment.ApiGateway", "PRN232_Assignment.ApiGateway\PRN232_Assignment.ApiGateway.csproj", "{8519E583-A196-45B9-A27F-57CB5C7F076B}"
EndProject
Project("{2150E333-8FDC-42A3-9474-1A3956D46DE8}") = "Services", "Services", "{308F9F4F-1397-4DAB-9AEA-A04C0E31280E}"
EndProject
Project("{2150E333-8FDC-42A3-9474-1A3956D46DE8}") = "UserService", "UserService", "{25C0F719-CDFB-4E6D-9F96-04A4EAC75DDD}"
EndProject
Project("{2150E333-8FDC-42A3-9474-1A3956D46DE8}") = "DoctorService", "DoctorService", "{DBBC1490-F46E-4282-9A75-C08F0FCAAA2E}"
EndProject
Project("{2150E333-8FDC-42A3-9474-1A3956D46DE8}") = "AppointmentService", "AppointmentService", "{1D854CFE-E74A-47A0-A04B-1EEDD9BFD4EB}"
EndProject
Project("{2150E333-8FDC-42A3-9474-1A3956D46DE8}") = "NotificationService", "NotificationService", "{818A73DA-39B7-4121-A78A-B8BF41850C2E}"
EndProject
Project("{2150E333-8FDC-42A3-9474-1A3956D46DE8}") = "readme", "readme", "{8EC462FD-D22E-90A8-E5CE-7E832BA40C5D}"
	ProjectSection(SolutionItems) = preProject
		HuongDanMicroservice.txt = HuongDanMicroservice.txt
	EndProjectSection
EndProject
Project("{2150E333-8FDC-42A3-9474-1A3956D46DE8}") = "BackgroundService", "BackgroundService", "{5D7B6DED-6229-48DC-841E-677B26B5E9A8}"
EndProject
Project("{FAE04EC0-301F-11D3-BF4B-00C04F79EFBC}") = "PRN232_Assignment.DoctorService.Api", "PRN232_Assignment.DoctorService.Api\PRN232_Assignment.DoctorService.Api.csproj", "{571FF12A-F30B-4D0F-AD78-CEF00A5C5760}"
EndProject
Project("{FAE04EC0-301F-11D3-BF4B-00C04F79EFBC}") = "PRN232_Assignment.DoctorService.Service", "PRN232_Assignment.AppointmentService.Service\PRN232_Assignment.DoctorService.Service.csproj", "{105CDB6A-F9AB-4CEC-834A-0DBFC219A84C}"
EndProject
Project("{FAE04EC0-301F-11D3-BF4B-00C04F79EFBC}") = "PRN232_Assignment.DoctorService.Repository", "PRN232_Assignment.AppointmentService.Repository\PRN232_Assignment.DoctorService.Repository.csproj", "{A382CBC0-ED5F-460C-A45D-AA29720B481E}"
EndProject
Project("{2150E333-8FDC-42A3-9474-1A3956D46DE8}") = "Solution Items", "Solution Items", "{726AD157-65E1-4135-B90D-2B3587F01029}"
	ProjectSection(SolutionItems) = preProject
		docker-compose.yml = docker-compose.yml
	EndProjectSection
EndProject
Project("{FAE04EC0-301F-11D3-BF4B-00C04F79EFBC}") = "PRN232_Assignment.UserService.Api", "PRN232_Assignment.UserService.Api\PRN232_Assignment.UserService.Api.csproj", "{CB3546FD-BC3B-4427-999D-6BAC99BABB91}"
EndProject
Project("{FAE04EC0-301F-11D3-BF4B-00C04F79EFBC}") = "PRN232_Assignment.UserService.Service", "PRN232_Assignment.UserService.Service\PRN232_Assignment.UserService.Service.csproj", "{C37FF915-5ACC-427B-A56A-DB8D2A00D91C}"
EndProject
Project("{FAE04EC0-301F-11D3-BF4B-00C04F79EFBC}") = "PRN232_Assignment.UserService.Repository", "PRN232_Assignment.UserService.Repository\PRN232_Assignment.UserService.Repository.csproj", "{5A2F43FD-63A3-4AE9-9981-47FC18EA8787}"
EndProject
Global
	GlobalSection(SolutionConfigurationPlatforms) = preSolution
		Debug|Any CPU = Debug|Any CPU
		Release|Any CPU = Release|Any CPU
	EndGlobalSection
	GlobalSection(ProjectConfigurationPlatforms) = postSolution
		{559B7E48-0282-4987-A58E-EF4FC44EA5B7}.Debug|Any CPU.ActiveCfg = Debug|Any CPU
		{559B7E48-0282-4987-A58E-EF4FC44EA5B7}.Debug|Any CPU.Build.0 = Debug|Any CPU
		{559B7E48-0282-4987-A58E-EF4FC44EA5B7}.Release|Any CPU.ActiveCfg = Release|Any CPU
		{559B7E48-0282-4987-A58E-EF4FC44EA5B7}.Release|Any CPU.Build.0 = Release|Any CPU
		{4960C30C-AB55-4D81-AB91-8ED047AFB7A7}.Debug|Any CPU.ActiveCfg = Debug|Any CPU
		{4960C30C-AB55-4D81-AB91-8ED047AFB7A7}.Debug|Any CPU.Build.0 = Debug|Any CPU
		{4960C30C-AB55-4D81-AB91-8ED047AFB7A7}.Release|Any CPU.ActiveCfg = Release|Any CPU
		{4960C30C-AB55-4D81-AB91-8ED047AFB7A7}.Release|Any CPU.Build.0 = Release|Any CPU
		{5E932CDA-5296-43A7-B843-AD4B6DD8B5A0}.Debug|Any CPU.ActiveCfg = Debug|Any CPU
		{5E932CDA-5296-43A7-B843-AD4B6DD8B5A0}.Debug|Any CPU.Build.0 = Debug|Any CPU
		{5E932CDA-5296-43A7-B843-AD4B6DD8B5A0}.Release|Any CPU.ActiveCfg = Release|Any CPU
		{5E932CDA-5296-43A7-B843-AD4B6DD8B5A0}.Release|Any CPU.Build.0 = Release|Any CPU
		{8519E583-A196-45B9-A27F-57CB5C7F076B}.Debug|Any CPU.ActiveCfg = Debug|Any CPU
		{8519E583-A196-45B9-A27F-57CB5C7F076B}.Debug|Any CPU.Build.0 = Debug|Any CPU
		{8519E583-A196-45B9-A27F-57CB5C7F076B}.Release|Any CPU.ActiveCfg = Release|Any CPU
		{8519E583-A196-45B9-A27F-57CB5C7F076B}.Release|Any CPU.Build.0 = Release|Any CPU
		{571FF12A-F30B-4D0F-AD78-CEF00A5C5760}.Debug|Any CPU.ActiveCfg = Debug|Any CPU
		{571FF12A-F30B-4D0F-AD78-CEF00A5C5760}.Debug|Any CPU.Build.0 = Debug|Any CPU
		{571FF12A-F30B-4D0F-AD78-CEF00A5C5760}.Release|Any CPU.ActiveCfg = Release|Any CPU
		{571FF12A-F30B-4D0F-AD78-CEF00A5C5760}.Release|Any CPU.Build.0 = Release|Any CPU
		{105CDB6A-F9AB-4CEC-834A-0DBFC219A84C}.Debug|Any CPU.ActiveCfg = Debug|Any CPU
		{105CDB6A-F9AB-4CEC-834A-0DBFC219A84C}.Debug|Any CPU.Build.0 = Debug|Any CPU
		{105CDB6A-F9AB-4CEC-834A-0DBFC219A84C}.Release|Any CPU.ActiveCfg = Release|Any CPU
		{105CDB6A-F9AB-4CEC-834A-0DBFC219A84C}.Release|Any CPU.Build.0 = Release|Any CPU
		{A382CBC0-ED5F-460C-A45D-AA29720B481E}.Debug|Any CPU.ActiveCfg = Debug|Any CPU
		{A382CBC0-ED5F-460C-A45D-AA29720B481E}.Debug|Any CPU.Build.0 = Debug|Any CPU
		{A382CBC0-ED5F-460C-A45D-AA29720B481E}.Release|Any CPU.ActiveCfg = Release|Any CPU
		{A382CBC0-ED5F-460C-A45D-AA29720B481E}.Release|Any CPU.Build.0 = Release|Any CPU
		{CB3546FD-BC3B-4427-999D-6BAC99BABB91}.Debug|Any CPU.ActiveCfg = Debug|Any CPU
		{CB3546FD-BC3B-4427-999D-6BAC99BABB91}.Debug|Any CPU.Build.0 = Debug|Any CPU
		{CB3546FD-BC3B-4427-999D-6BAC99BABB91}.Release|Any CPU.ActiveCfg = Release|Any CPU
		{CB3546FD-BC3B-4427-999D-6BAC99BABB91}.Release|Any CPU.Build.0 = Release|Any CPU
		{C37FF915-5ACC-427B-A56A-DB8D2A00D91C}.Debug|Any CPU.ActiveCfg = Debug|Any CPU
		{C37FF915-5ACC-427B-A56A-DB8D2A00D91C}.Debug|Any CPU.Build.0 = Debug|Any CPU
		{C37FF915-5ACC-427B-A56A-DB8D2A00D91C}.Release|Any CPU.ActiveCfg = Release|Any CPU
		{C37FF915-5ACC-427B-A56A-DB8D2A00D91C}.Release|Any CPU.Build.0 = Release|Any CPU
		{5A2F43FD-63A3-4AE9-9981-47FC18EA8787}.Debug|Any CPU.ActiveCfg = Debug|Any CPU
		{5A2F43FD-63A3-4AE9-9981-47FC18EA8787}.Debug|Any CPU.Build.0 = Debug|Any CPU
		{5A2F43FD-63A3-4AE9-9981-47FC18EA8787}.Release|Any CPU.ActiveCfg = Release|Any CPU
		{5A2F43FD-63A3-4AE9-9981-47FC18EA8787}.Release|Any CPU.Build.0 = Release|Any CPU
	EndGlobalSection
	GlobalSection(SolutionProperties) = preSolution
		HideSolutionNode = FALSE
	EndGlobalSection
	GlobalSection(NestedProjects) = preSolution
		{559B7E48-0282-4987-A58E-EF4FC44EA5B7} = {1D854CFE-E74A-47A0-A04B-1EEDD9BFD4EB}
		{4960C30C-AB55-4D81-AB91-8ED047AFB7A7} = {818A73DA-39B7-4121-A78A-B8BF41850C2E}
		{5E932CDA-5296-43A7-B843-AD4B6DD8B5A0} = {5D7B6DED-6229-48DC-841E-677B26B5E9A8}
		{8519E583-A196-45B9-A27F-57CB5C7F076B} = {02EA681E-C7D8-13C7-8484-4AC65E1B71E8}
		{25C0F719-CDFB-4E6D-9F96-04A4EAC75DDD} = {308F9F4F-1397-4DAB-9AEA-A04C0E31280E}
		{DBBC1490-F46E-4282-9A75-C08F0FCAAA2E} = {308F9F4F-1397-4DAB-9AEA-A04C0E31280E}
		{1D854CFE-E74A-47A0-A04B-1EEDD9BFD4EB} = {308F9F4F-1397-4DAB-9AEA-A04C0E31280E}
		{818A73DA-39B7-4121-A78A-B8BF41850C2E} = {308F9F4F-1397-4DAB-9AEA-A04C0E31280E}
		{5D7B6DED-6229-48DC-841E-677B26B5E9A8} = {308F9F4F-1397-4DAB-9AEA-A04C0E31280E}
		{571FF12A-F30B-4D0F-AD78-CEF00A5C5760} = {DBBC1490-F46E-4282-9A75-C08F0FCAAA2E}
		{105CDB6A-F9AB-4CEC-834A-0DBFC219A84C} = {DBBC1490-F46E-4282-9A75-C08F0FCAAA2E}
		{A382CBC0-ED5F-460C-A45D-AA29720B481E} = {DBBC1490-F46E-4282-9A75-C08F0FCAAA2E}
		{CB3546FD-BC3B-4427-999D-6BAC99BABB91} = {25C0F719-CDFB-4E6D-9F96-04A4EAC75DDD}
		{C37FF915-5ACC-427B-A56A-DB8D2A00D91C} = {25C0F719-CDFB-4E6D-9F96-04A4EAC75DDD}
		{5A2F43FD-63A3-4AE9-9981-47FC18EA8787} = {25C0F719-CDFB-4E6D-9F96-04A4EAC75DDD}
	EndGlobalSection
	GlobalSection(ExtensibilityGlobals) = postSolution
		SolutionGuid = {41D28F84-B7EB-48C4-B2F7-A1085809924F}
	EndGlobalSection
EndGlobal
